
Microsoft Visual Studio Solution File, Format Version 12.00
# Visual Studio 15
VisualStudioVersion = 15.0.26730.12
MinimumVisualStudioVersion = 10.0.40219.1
Project("{FAE04EC0-301F-11D3-BF4B-00C04F79EFBC}") = "DesktopApp", "DesktopApp\DesktopApp.csproj", "{A8F2A764-4D55-44FF-B729-F414E3453B6C}"
EndProject
Global
	GlobalSection(SolutionConfigurationPlatforms) = preSolution
		Debug|Any CPU = Debug|Any CPU
		Release|Any CPU = Release|Any CPU
	EndGlobalSection
	GlobalSection(ProjectConfigurationPlatforms) = postSolution
		{A8F2A764-4D55-44FF-B729-F414E3453B6C}.Debug|Any CPU.ActiveCfg = Debug|Any CPU
		{A8F2A764-4D55-44FF-B729-F414E3453B6C}.Debug|Any CPU.Build.0 = Debug|Any CPU
		{A8F2A764-4D55-44FF-B729-F414E3453B6C}.Release|Any CPU.ActiveCfg = Release|Any CPU
		{A8F2A764-4D55-44FF-B729-F414E3453B6C}.Release|Any CPU.Build.0 = Release|Any CPU
	EndGlobalSection
	GlobalSection(SolutionProperties) = preSolution
		HideSolutionNode = FALSE
	EndGlobalSection
	GlobalSection(ExtensibilityGlobals) = postSolution
		SolutionGuid = {73EB1DE1-1A0A-4096-848C-9578736AACDF}
	EndGlobalSection
EndGlobal
